
Microsoft Visual Studio Solution File, Format Version 12.00
# Visual Studio 15
VisualStudioVersion = 15.0.28010.2016
MinimumVisualStudioVersion = 10.0.40219.1
Project("{8BC9CEB8-8B4A-11D0-8D11-00A0C91BC942}") = "WinTst002", "WinTst002\WinTst002.vcxproj", "{DF97C261-3234-44CD-8FF6-9F081240E07C}"
EndProject
Global
	GlobalSection(SolutionConfigurationPlatforms) = preSolution
		Debug|x64 = Debug|x64
		Debug|x86 = Debug|x86
		Release|x64 = Release|x64
		Release|x86 = Release|x86
	EndGlobalSection
	GlobalSection(ProjectConfigurationPlatforms) = postSolution
		{DF97C261-3234-44CD-8FF6-9F081240E07C}.Debug|x64.ActiveCfg = Debug|x64
		{DF97C261-3234-44CD-8FF6-9F081240E07C}.Debug|x64.Build.0 = Debug|x64
		{DF97C261-3234-44CD-8FF6-9F081240E07C}.Debug|x86.ActiveCfg = Debug|Win32
		{DF97C261-3234-44CD-8FF6-9F081240E07C}.Debug|x86.Build.0 = Debug|Win32
		{DF97C261-3234-44CD-8FF6-9F081240E07C}.Release|x64.ActiveCfg = Release|x64
		{DF97C261-3234-44CD-8FF6-9F081240E07C}.Release|x64.Build.0 = Release|x64
		{DF97C261-3234-44CD-8FF6-9F081240E07C}.Release|x86.ActiveCfg = Release|Win32
		{DF97C261-3234-44CD-8FF6-9F081240E07C}.Release|x86.Build.0 = Release|Win32
	EndGlobalSection
	GlobalSection(SolutionProperties) = preSolution
		HideSolutionNode = FALSE
	EndGlobalSection
	GlobalSection(ExtensibilityGlobals) = postSolution
		SolutionGuid = {6BD8C72D-17CA-4819-95AE-77DE6FD0CEC0}
	EndGlobalSection
EndGlobal
